
Microsoft Visual Studio Solution File, Format Version 12.00
# Visual Studio 15
VisualStudioVersion = 15.0.28307.421
MinimumVisualStudioVersion = 10.0.40219.1
Project("{FAE04EC0-301F-11D3-BF4B-00C04F79EFBC}") = "WebApplication1", "WebApplication1\WebApplication1.csproj", "{FE692C23-05F4-4D81-9065-1C5211C6D262}"
EndProject
Global
	GlobalSection(SolutionConfigurationPlatforms) = preSolution
		Debug|Any CPU = Debug|Any CPU
		Release|Any CPU = Release|Any CPU
	EndGlobalSection
	GlobalSection(ProjectConfigurationPlatforms) = postSolution
		{FE692C23-05F4-4D81-9065-1C5211C6D262}.Debug|Any CPU.ActiveCfg = Debug|Any CPU
		{FE692C23-05F4-4D81-9065-1C5211C6D262}.Debug|Any CPU.Build.0 = Debug|Any CPU
		{FE692C23-05F4-4D81-9065-1C5211C6D262}.Release|Any CPU.ActiveCfg = Release|Any CPU
		{FE692C23-05F4-4D81-9065-1C5211C6D262}.Release|Any CPU.Build.0 = Release|Any CPU
	EndGlobalSection
	GlobalSection(SolutionProperties) = preSolution
		HideSolutionNode = FALSE
	EndGlobalSection
	GlobalSection(ExtensibilityGlobals) = postSolution
		SolutionGuid = {6FCDA1FF-3EC7-4F6F-B4BD-8737C55F5050}
	EndGlobalSection
EndGlobal
